// !$*UTF8*$!
{
	archiveVersion = 1;
	classes = {
	};
	objectVersion = 55;
	objects = {

/* Begin PBXBuildFile section */
		3EDFCE09D5EE05DEA09576E4 /* Pods_TasksBoard.framework in Frameworks */ = {isa = PBXBuildFile; fileRef = DBF2D527D9AABFBCCE581B69 /* Pods_TasksBoard.framework */; };
		E0015A2628E606CB003D953D /* ProjectsTableViewController.swift in Sources */ = {isa = PBXBuildFile; fileRef = E0015A2528E606CB003D953D /* ProjectsTableViewController.swift */; };
		E00795AA28EC94C000F44F92 /* CurrentTaskViewController.swift in Sources */ = {isa = PBXBuildFile; fileRef = E00795A928EC94C000F44F92 /* CurrentTaskViewController.swift */; };
		E00795AC28EC9D9300F44F92 /* Data Model.swift in Sources */ = {isa = PBXBuildFile; fileRef = E00795AB28EC9D9300F44F92 /* Data Model.swift */; };
		E055166028E5E75E00C1E0F6 /* AppDelegate.swift in Sources */ = {isa = PBXBuildFile; fileRef = E055165F28E5E75E00C1E0F6 /* AppDelegate.swift */; };
		E055166228E5E75E00C1E0F6 /* SceneDelegate.swift in Sources */ = {isa = PBXBuildFile; fileRef = E055166128E5E75E00C1E0F6 /* SceneDelegate.swift */; };
		E055166928E5E76000C1E0F6 /* Assets.xcassets in Resources */ = {isa = PBXBuildFile; fileRef = E055166828E5E76000C1E0F6 /* Assets.xcassets */; };
		E055166C28E5E76000C1E0F6 /* LaunchScreen.storyboard in Resources */ = {isa = PBXBuildFile; fileRef = E055166A28E5E76000C1E0F6 /* LaunchScreen.storyboard */; };
		E09824F328F0719300D67D6B /* StorageManager.swift in Sources */ = {isa = PBXBuildFile; fileRef = E09824F228F0719300D67D6B /* StorageManager.swift */; };
		E0CF560028EAF6BE003638B0 /* NewTaskViewController.swift in Sources */ = {isa = PBXBuildFile; fileRef = E0CF55FF28EAF6BE003638B0 /* NewTaskViewController.swift */; };
		E0D9BA7D28E9DDEB00A96081 /* TasksTableViewController.swift in Sources */ = {isa = PBXBuildFile; fileRef = E0D9BA7C28E9DDEB00A96081 /* TasksTableViewController.swift */; };
		E0D9BA7F28E9E77D00A96081 /* TaskTableViewCell.swift in Sources */ = {isa = PBXBuildFile; fileRef = E0D9BA7E28E9E77D00A96081 /* TaskTableViewCell.swift */; };
		E0FD751D28E88A4800CBD8AF /* ProjectTableViewCell.swift in Sources */ = {isa = PBXBuildFile; fileRef = E0FD751C28E88A4800CBD8AF /* ProjectTableViewCell.swift */; };
/* End PBXBuildFile section */

/* Begin PBXFileReference section */
		D0F9322C9EBB3135039859D0 /* Pods-TasksBoard.debug.xcconfig */ = {isa = PBXFileReference; includeInIndex = 1; lastKnownFileType = text.xcconfig; name = "Pods-TasksBoard.debug.xcconfig"; path = "Target Support Files/Pods-TasksBoard/Pods-TasksBoard.debug.xcconfig"; sourceTree = "<group>"; };
		DBF2D527D9AABFBCCE581B69 /* Pods_TasksBoard.framework */ = {isa = PBXFileReference; explicitFileType = wrapper.framework; includeInIndex = 0; path = Pods_TasksBoard.framework; sourceTree = BUILT_PRODUCTS_DIR; };
		E0015A2528E606CB003D953D /* ProjectsTableViewController.swift */ = {isa = PBXFileReference; lastKnownFileType = sourcecode.swift; path = ProjectsTableViewController.swift; sourceTree = "<group>"; };
		E00795A928EC94C000F44F92 /* CurrentTaskViewController.swift */ = {isa = PBXFileReference; lastKnownFileType = sourcecode.swift; path = CurrentTaskViewController.swift; sourceTree = "<group>"; };
		E00795AB28EC9D9300F44F92 /* Data Model.swift */ = {isa = PBXFileReference; lastKnownFileType = sourcecode.swift; path = "Data Model.swift"; sourceTree = "<group>"; };
		E055165C28E5E75E00C1E0F6 /* TasksBoard.app */ = {isa = PBXFileReference; explicitFileType = wrapper.application; includeInIndex = 0; path = TasksBoard.app; sourceTree = BUILT_PRODUCTS_DIR; };
		E055165F28E5E75E00C1E0F6 /* AppDelegate.swift */ = {isa = PBXFileReference; lastKnownFileType = sourcecode.swift; path = AppDelegate.swift; sourceTree = "<group>"; };
		E055166128E5E75E00C1E0F6 /* SceneDelegate.swift */ = {isa = PBXFileReference; lastKnownFileType = sourcecode.swift; path = SceneDelegate.swift; sourceTree = "<group>"; };
		E055166828E5E76000C1E0F6 /* Assets.xcassets */ = {isa = PBXFileReference; lastKnownFileType = folder.assetcatalog; path = Assets.xcassets; sourceTree = "<group>"; };
		E055166B28E5E76000C1E0F6 /* Base */ = {isa = PBXFileReference; lastKnownFileType = file.storyboard; name = Base; path = Base.lproj/LaunchScreen.storyboard; sourceTree = "<group>"; };
		E055166D28E5E76000C1E0F6 /* Info.plist */ = {isa = PBXFileReference; lastKnownFileType = text.plist.xml; path = Info.plist; sourceTree = "<group>"; };
		E09824F228F0719300D67D6B /* StorageManager.swift */ = {isa = PBXFileReference; lastKnownFileType = sourcecode.swift; path = StorageManager.swift; sourceTree = "<group>"; };
		E0CF55FF28EAF6BE003638B0 /* NewTaskViewController.swift */ = {isa = PBXFileReference; lastKnownFileType = sourcecode.swift; path = NewTaskViewController.swift; sourceTree = "<group>"; };
		E0D9BA7C28E9DDEB00A96081 /* TasksTableViewController.swift */ = {isa = PBXFileReference; lastKnownFileType = sourcecode.swift; path = TasksTableViewController.swift; sourceTree = "<group>"; };
		E0D9BA7E28E9E77D00A96081 /* TaskTableViewCell.swift */ = {isa = PBXFileReference; lastKnownFileType = sourcecode.swift; path = TaskTableViewCell.swift; sourceTree = "<group>"; };
		E0FD751C28E88A4800CBD8AF /* ProjectTableViewCell.swift */ = {isa = PBXFileReference; lastKnownFileType = sourcecode.swift; path = ProjectTableViewCell.swift; sourceTree = "<group>"; };
		EBA4515F5B7358631DC6AC4C /* Pods-TasksBoard.release.xcconfig */ = {isa = PBXFileReference; includeInIndex = 1; lastKnownFileType = text.xcconfig; name = "Pods-TasksBoard.release.xcconfig"; path = "Target Support Files/Pods-TasksBoard/Pods-TasksBoard.release.xcconfig"; sourceTree = "<group>"; };
/* End PBXFileReference section */

/* Begin PBXFrameworksBuildPhase section */
		E055165928E5E75E00C1E0F6 /* Frameworks */ = {
			isa = PBXFrameworksBuildPhase;
			buildActionMask = 2147483647;
			files = (
				3EDFCE09D5EE05DEA09576E4 /* Pods_TasksBoard.framework in Frameworks */,
			);
			runOnlyForDeploymentPostprocessing = 0;
		};
/* End PBXFrameworksBuildPhase section */

/* Begin PBXGroup section */
		E055165328E5E75E00C1E0F6 = {
			isa = PBXGroup;
			children = (
				E055165E28E5E75E00C1E0F6 /* TasksBoard */,
				E055165D28E5E75E00C1E0F6 /* Products */,
				E40892F6EDEF7B337F079C52 /* Pods */,
				F93D627B95C164513090A153 /* Frameworks */,
			);
			sourceTree = "<group>";
		};
		E055165D28E5E75E00C1E0F6 /* Products */ = {
			isa = PBXGroup;
			children = (
				E055165C28E5E75E00C1E0F6 /* TasksBoard.app */,
			);
			name = Products;
			sourceTree = "<group>";
		};
		E055165E28E5E75E00C1E0F6 /* TasksBoard */ = {
			isa = PBXGroup;
			children = (
				E055165F28E5E75E00C1E0F6 /* AppDelegate.swift */,
				E055166128E5E75E00C1E0F6 /* SceneDelegate.swift */,
				E055166828E5E76000C1E0F6 /* Assets.xcassets */,
				E055166A28E5E76000C1E0F6 /* LaunchScreen.storyboard */,
				E055166D28E5E76000C1E0F6 /* Info.plist */,
				E0015A2528E606CB003D953D /* ProjectsTableViewController.swift */,
				E0FD751C28E88A4800CBD8AF /* ProjectTableViewCell.swift */,
				E0D9BA7C28E9DDEB00A96081 /* TasksTableViewController.swift */,
				E0D9BA7E28E9E77D00A96081 /* TaskTableViewCell.swift */,
				E0CF55FF28EAF6BE003638B0 /* NewTaskViewController.swift */,
				E00795A928EC94C000F44F92 /* CurrentTaskViewController.swift */,
				E00795AB28EC9D9300F44F92 /* Data Model.swift */,
				E09824F228F0719300D67D6B /* StorageManager.swift */,
			);
			path = TasksBoard;
			sourceTree = "<group>";
		};
		E40892F6EDEF7B337F079C52 /* Pods */ = {
			isa = PBXGroup;
			children = (
				D0F9322C9EBB3135039859D0 /* Pods-TasksBoard.debug.xcconfig */,
				EBA4515F5B7358631DC6AC4C /* Pods-TasksBoard.release.xcconfig */,
			);
			path = Pods;
			sourceTree = "<group>";
		};
		F93D627B95C164513090A153 /* Frameworks */ = {
			isa = PBXGroup;
			children = (
				DBF2D527D9AABFBCCE581B69 /* Pods_TasksBoard.framework */,
			);
			name = Frameworks;
			sourceTree = "<group>";
		};
/* End PBXGroup section */

/* Begin PBXNativeTarget section */
		E055165B28E5E75E00C1E0F6 /* TasksBoard */ = {
			isa = PBXNativeTarget;
			buildConfigurationList = E055167028E5E76000C1E0F6 /* Build configuration list for PBXNativeTarget "TasksBoard" */;
			buildPhases = (
				71099825EB0D0E3F4761A6CB /* [CP] Check Pods Manifest.lock */,
				E055165828E5E75E00C1E0F6 /* Sources */,
				E055165928E5E75E00C1E0F6 /* Frameworks */,
				E055165A28E5E75E00C1E0F6 /* Resources */,
				FDECD4189C43A83987A46580 /* [CP] Embed Pods Frameworks */,
			);
			buildRules = (
			);
			dependencies = (
			);
			name = TasksBoard;
			productName = TasksBoard;
			productReference = E055165C28E5E75E00C1E0F6 /* TasksBoard.app */;
			productType = "com.apple.product-type.application";
		};
/* End PBXNativeTarget section */

/* Begin PBXProject section */
		E055165428E5E75E00C1E0F6 /* Project object */ = {
			isa = PBXProject;
			attributes = {
				BuildIndependentTargetsInParallel = 1;
				LastSwiftUpdateCheck = 1310;
				LastUpgradeCheck = 1310;
				TargetAttributes = {
					E055165B28E5E75E00C1E0F6 = {
						CreatedOnToolsVersion = 13.1;
					};
				};
			};
			buildConfigurationList = E055165728E5E75E00C1E0F6 /* Build configuration list for PBXProject "TasksBoard" */;
			compatibilityVersion = "Xcode 13.0";
			developmentRegion = en;
			hasScannedForEncodings = 0;
			knownRegions = (
				en,
				Base,
			);
			mainGroup = E055165328E5E75E00C1E0F6;
			productRefGroup = E055165D28E5E75E00C1E0F6 /* Products */;
			projectDirPath = "";
			projectRoot = "";
			targets = (
				E055165B28E5E75E00C1E0F6 /* TasksBoard */,
			);
		};
/* End PBXProject section */

/* Begin PBXResourcesBuildPhase section */
		E055165A28E5E75E00C1E0F6 /* Resources */ = {
			isa = PBXResourcesBuildPhase;
			buildActionMask = 2147483647;
			files = (
				E055166C28E5E76000C1E0F6 /* LaunchScreen.storyboard in Resources */,
				E055166928E5E76000C1E0F6 /* Assets.xcassets in Resources */,
			);
			runOnlyForDeploymentPostprocessing = 0;
		};
/* End PBXResourcesBuildPhase section */

/* Begin PBXShellScriptBuildPhase section */
		71099825EB0D0E3F4761A6CB /* [CP] Check Pods Manifest.lock */ = {
			isa = PBXShellScriptBuildPhase;
			buildActionMask = 2147483647;
			files = (
			);
			inputFileListPaths = (
			);
			inputPaths = (
				"${PODS_PODFILE_DIR_PATH}/Podfile.lock",
				"${PODS_ROOT}/Manifest.lock",
			);
			name = "[CP] Check Pods Manifest.lock";
			outputFileListPaths = (
			);
			outputPaths = (
				"$(DERIVED_FILE_DIR)/Pods-TasksBoard-checkManifestLockResult.txt",
			);
			runOnlyForDeploymentPostprocessing = 0;
			shellPath = /bin/sh;
			shellScript = "diff \"${PODS_PODFILE_DIR_PATH}/Podfile.lock\" \"${PODS_ROOT}/Manifest.lock\" > /dev/null\nif [ $? != 0 ] ; then\n    # print error to STDERR\n    echo \"error: The sandbox is not in sync with the Podfile.lock. Run 'pod install' or update your CocoaPods installation.\" >&2\n    exit 1\nfi\n# This output is used by Xcode 'outputs' to avoid re-running this script phase.\necho \"SUCCESS\" > \"${SCRIPT_OUTPUT_FILE_0}\"\n";
			showEnvVarsInLog = 0;
		};
		FDECD4189C43A83987A46580 /* [CP] Embed Pods Frameworks */ = {
			isa = PBXShellScriptBuildPhase;
			buildActionMask = 2147483647;
			files = (
			);
			inputFileListPaths = (
				"${PODS_ROOT}/Target Support Files/Pods-TasksBoard/Pods-TasksBoard-frameworks-${CONFIGURATION}-input-files.xcfilelist",
			);
			name = "[CP] Embed Pods Frameworks";
			outputFileListPaths = (
				"${PODS_ROOT}/Target Support Files/Pods-TasksBoard/Pods-TasksBoard-frameworks-${CONFIGURATION}-output-files.xcfilelist",
			);
			runOnlyForDeploymentPostprocessing = 0;
			shellPath = /bin/sh;
			shellScript = "\"${PODS_ROOT}/Target Support Files/Pods-TasksBoard/Pods-TasksBoard-frameworks.sh\"\n";
			showEnvVarsInLog = 0;
		};
/* End PBXShellScriptBuildPhase section */

/* Begin PBXSourcesBuildPhase section */
		E055165828E5E75E00C1E0F6 /* Sources */ = {
			isa = PBXSourcesBuildPhase;
			buildActionMask = 2147483647;
			files = (
				E055166028E5E75E00C1E0F6 /* AppDelegate.swift in Sources */,
				E0CF560028EAF6BE003638B0 /* NewTaskViewController.swift in Sources */,
				E00795AC28EC9D9300F44F92 /* Data Model.swift in Sources */,
				E0D9BA7D28E9DDEB00A96081 /* TasksTableViewController.swift in Sources */,
				E0D9BA7F28E9E77D00A96081 /* TaskTableViewCell.swift in Sources */,
				E055166228E5E75E00C1E0F6 /* SceneDelegate.swift in Sources */,
				E0015A2628E606CB003D953D /* ProjectsTableViewController.swift in Sources */,
				E09824F328F0719300D67D6B /* StorageManager.swift in Sources */,
				E0FD751D28E88A4800CBD8AF /* ProjectTableViewCell.swift in Sources */,
				E00795AA28EC94C000F44F92 /* CurrentTaskViewController.swift in Sources */,
			);
			runOnlyForDeploymentPostprocessing = 0;
		};
/* End PBXSourcesBuildPhase section */

/* Begin PBXVariantGroup section */
		E055166A28E5E76000C1E0F6 /* LaunchScreen.storyboard */ = {
			isa = PBXVariantGroup;
			children = (
				E055166B28E5E76000C1E0F6 /* Base */,
			);
			name = LaunchScreen.storyboard;
			sourceTree = "<group>";
		};
/* End PBXVariantGroup section */

/* Begin XCBuildConfiguration section */
		E055166E28E5E76000C1E0F6 /* Debug */ = {
			isa = XCBuildConfiguration;
			buildSettings = {
				ALWAYS_SEARCH_USER_PATHS = NO;
				CLANG_ANALYZER_NONNULL = YES;
				CLANG_ANALYZER_NUMBER_OBJECT_CONVERSION = YES_AGGRESSIVE;
				CLANG_CXX_LANGUAGE_STANDARD = "gnu++17";
				CLANG_CXX_LIBRARY = "libc++";
				CLANG_ENABLE_MODULES = YES;
				CLANG_ENABLE_OBJC_ARC = YES;
				CLANG_ENABLE_OBJC_WEAK = YES;
				CLANG_WARN_BLOCK_CAPTURE_AUTORELEASING = YES;
				CLANG_WARN_BOOL_CONVERSION = YES;
				CLANG_WARN_COMMA = YES;
				CLANG_WARN_CONSTANT_CONVERSION = YES;
				CLANG_WARN_DEPRECATED_OBJC_IMPLEMENTATIONS = YES;
				CLANG_WARN_DIRECT_OBJC_ISA_USAGE = YES_ERROR;
				CLANG_WARN_DOCUMENTATION_COMMENTS = YES;
				CLANG_WARN_EMPTY_BODY = YES;
				CLANG_WARN_ENUM_CONVERSION = YES;
				CLANG_WARN_INFINITE_RECURSION = YES;
				CLANG_WARN_INT_CONVERSION = YES;
				CLANG_WARN_NON_LITERAL_NULL_CONVERSION = YES;
				CLANG_WARN_OBJC_IMPLICIT_RETAIN_SELF = YES;
				CLANG_WARN_OBJC_LITERAL_CONVERSION = YES;
				CLANG_WARN_OBJC_ROOT_CLASS = YES_ERROR;
				CLANG_WARN_QUOTED_INCLUDE_IN_FRAMEWORK_HEADER = YES;
				CLANG_WARN_RANGE_LOOP_ANALYSIS = YES;
				CLANG_WARN_STRICT_PROTOTYPES = YES;
				CLANG_WARN_SUSPICIOUS_MOVE = YES;
				CLANG_WARN_UNGUARDED_AVAILABILITY = YES_AGGRESSIVE;
				CLANG_WARN_UNREACHABLE_CODE = YES;
				CLANG_WARN__DUPLICATE_METHOD_MATCH = YES;
				COPY_PHASE_STRIP = NO;
				DEBUG_INFORMATION_FORMAT = dwarf;
				ENABLE_STRICT_OBJC_MSGSEND = YES;
				ENABLE_TESTABILITY = YES;
				GCC_C_LANGUAGE_STANDARD = gnu11;
				GCC_DYNAMIC_NO_PIC = NO;
				GCC_NO_COMMON_BLOCKS = YES;
				GCC_OPTIMIZATION_LEVEL = 0;
				GCC_PREPROCESSOR_DEFINITIONS = (
					"DEBUG=1",
					"$(inherited)",
				);
				GCC_WARN_64_TO_32_BIT_CONVERSION = YES;
				GCC_WARN_ABOUT_RETURN_TYPE = YES_ERROR;
				GCC_WARN_UNDECLARED_SELECTOR = YES;
				GCC_WARN_UNINITIALIZED_AUTOS = YES_AGGRESSIVE;
				GCC_WARN_UNUSED_FUNCTION = YES;
				GCC_WARN_UNUSED_VARIABLE = YES;
				IPHONEOS_DEPLOYMENT_TARGET = 15.0;
				MTL_ENABLE_DEBUG_INFO = INCLUDE_SOURCE;
				MTL_FAST_MATH = YES;
				ONLY_ACTIVE_ARCH = YES;
				SDKROOT = iphoneos;
				SWIFT_ACTIVE_COMPILATION_CONDITIONS = DEBUG;
				SWIFT_OPTIMIZATION_LEVEL = "-Onone";
			};
			name = Debug;
		};
		E055166F28E5E76000C1E0F6 /* Release */ = {
			isa = XCBuildConfiguration;
			buildSettings = {
				ALWAYS_SEARCH_USER_PATHS = NO;
				CLANG_ANALYZER_NONNULL = YES;
				CLANG_ANALYZER_NUMBER_OBJECT_CONVERSION = YES_AGGRESSIVE;
				CLANG_CXX_LANGUAGE_STANDARD = "gnu++17";
				CLANG_CXX_LIBRARY = "libc++";
				CLANG_ENABLE_MODULES = YES;
				CLANG_ENABLE_OBJC_ARC = YES;
				CLANG_ENABLE_OBJC_WEAK = YES;
				CLANG_WARN_BLOCK_CAPTURE_AUTORELEASING = YES;
				CLANG_WARN_BOOL_CONVERSION = YES;
				CLANG_WARN_COMMA = YES;
				CLANG_WARN_CONSTANT_CONVERSION = YES;
				CLANG_WARN_DEPRECATED_OBJC_IMPLEMENTATIONS = YES;
				CLANG_WARN_DIRECT_OBJC_ISA_USAGE = YES_ERROR;
				CLANG_WARN_DOCUMENTATION_COMMENTS = YES;
				CLANG_WARN_EMPTY_BODY = YES;
				CLANG_WARN_ENUM_CONVERSION = YES;
				CLANG_WARN_INFINITE_RECURSION = YES;
				CLANG_WARN_INT_CONVERSION = YES;
				CLANG_WARN_NON_LITERAL_NULL_CONVERSION = YES;
				CLANG_WARN_OBJC_IMPLICIT_RETAIN_SELF = YES;
				CLANG_WARN_OBJC_LITERAL_CONVERSION = YES;
				CLANG_WARN_OBJC_ROOT_CLASS = YES_ERROR;
				CLANG_WARN_QUOTED_INCLUDE_IN_FRAMEWORK_HEADER = YES;
				CLANG_WARN_RANGE_LOOP_ANALYSIS = YES;
				CLANG_WARN_STRICT_PROTOTYPES = YES;
				CLANG_WARN_SUSPICIOUS_MOVE = YES;
				CLANG_WARN_UNGUARDED_AVAILABILITY = YES_AGGRESSIVE;
				CLANG_WARN_UNREACHABLE_CODE = YES;
				CLANG_WARN__DUPLICATE_METHOD_MATCH = YES;
				COPY_PHASE_STRIP = NO;
				DEBUG_INFORMATION_FORMAT = "dwarf-with-dsym";
				ENABLE_NS_ASSERTIONS = NO;
				ENABLE_STRICT_OBJC_MSGSEND = YES;
				GCC_C_LANGUAGE_STANDARD = gnu11;
				GCC_NO_COMMON_BLOCKS = YES;
				GCC_WARN_64_TO_32_BIT_CONVERSION = YES;
				GCC_WARN_ABOUT_RETURN_TYPE = YES_ERROR;
				GCC_WARN_UNDECLARED_SELECTOR = YES;
				GCC_WARN_UNINITIALIZED_AUTOS = YES_AGGRESSIVE;
				GCC_WARN_UNUSED_FUNCTION = YES;
				GCC_WARN_UNUSED_VARIABLE = YES;
				IPHONEOS_DEPLOYMENT_TARGET = 15.0;
				MTL_ENABLE_DEBUG_INFO = NO;
				MTL_FAST_MATH = YES;
				SDKROOT = iphoneos;
				SWIFT_COMPILATION_MODE = wholemodule;
				SWIFT_OPTIMIZATION_LEVEL = "-O";
				VALIDATE_PRODUCT = YES;
			};
			name = Release;
		};
		E055167128E5E76000C1E0F6 /* Debug */ = {
			isa = XCBuildConfiguration;
			baseConfigurationReference = D0F9322C9EBB3135039859D0 /* Pods-TasksBoard.debug.xcconfig */;
			buildSettings = {
				ASSETCATALOG_COMPILER_APPICON_NAME = AppIcon;
				ASSETCATALOG_COMPILER_GLOBAL_ACCENT_COLOR_NAME = AccentColor;
				CODE_SIGN_STYLE = Automatic;
				CURRENT_PROJECT_VERSION = 1;
				DEVELOPMENT_TEAM = 34J2M9FNPA;
				GENERATE_INFOPLIST_FILE = YES;
				INFOPLIST_FILE = TasksBoard/Info.plist;
				INFOPLIST_KEY_UIApplicationSupportsIndirectInputEvents = YES;
				INFOPLIST_KEY_UILaunchStoryboardName = LaunchScreen;
				INFOPLIST_KEY_UISupportedInterfaceOrientations = UIInterfaceOrientationPortrait;
				INFOPLIST_KEY_UISupportedInterfaceOrientations_iPad = "UIInterfaceOrientationPortrait UIInterfaceOrientationPortraitUpsideDown UIInterfaceOrientationLandscapeLeft UIInterfaceOrientationLandscapeRight";
				INFOPLIST_KEY_UISupportedInterfaceOrientations_iPhone = "UIInterfaceOrientationPortrait UIInterfaceOrientationLandscapeLeft UIInterfaceOrientationLandscapeRight";
				LD_RUNPATH_SEARCH_PATHS = (
					"$(inherited)",
					"@executable_path/Frameworks",
				);
				MARKETING_VERSION = 1.0;
				PRODUCT_BUNDLE_IDENTIFIER = com.olegFedotov.TasksBoard;
				PRODUCT_NAME = "$(TARGET_NAME)";
				SWIFT_EMIT_LOC_STRINGS = YES;
				SWIFT_VERSION = 5.0;
				TARGETED_DEVICE_FAMILY = "1,2";
			};
			name = Debug;
		};
		E055167228E5E76000C1E0F6 /* Release */ = {
			isa = XCBuildConfiguration;
			baseConfigurationReference = EBA4515F5B7358631DC6AC4C /* Pods-TasksBoard.release.xcconfig */;
			buildSettings = {
				ASSETCATALOG_COMPILER_APPICON_NAME = AppIcon;
				ASSETCATALOG_COMPILER_GLOBAL_ACCENT_COLOR_NAME = AccentColor;
				CODE_SIGN_STYLE = Automatic;
				CURRENT_PROJECT_VERSION = 1;
				DEVELOPMENT_TEAM = 34J2M9FNPA;
				GENERATE_INFOPLIST_FILE = YES;
				INFOPLIST_FILE = TasksBoard/Info.plist;
				INFOPLIST_KEY_UIApplicationSupportsIndirectInputEvents = YES;
				INFOPLIST_KEY_UILaunchStoryboardName = LaunchScreen;
				INFOPLIST_KEY_UISupportedInterfaceOrientations = UIInterfaceOrientationPortrait;
				INFOPLIST_KEY_UISupportedInterfaceOrientations_iPad = "UIInterfaceOrientationPortrait UIInterfaceOrientationPortraitUpsideDown UIInterfaceOrientationLandscapeLeft UIInterfaceOrientationLandscapeRight";
				INFOPLIST_KEY_UISupportedInterfaceOrientations_iPhone = "UIInterfaceOrientationPortrait UIInterfaceOrientationLandscapeLeft UIInterfaceOrientationLandscapeRight";
				LD_RUNPATH_SEARCH_PATHS = (
					"$(inherited)",
					"@executable_path/Frameworks",
				);
				MARKETING_VERSION = 1.0;
				PRODUCT_BUNDLE_IDENTIFIER = com.olegFedotov.TasksBoard;
				PRODUCT_NAME = "$(TARGET_NAME)";
				SWIFT_EMIT_LOC_STRINGS = YES;
				SWIFT_VERSION = 5.0;
				TARGETED_DEVICE_FAMILY = "1,2";
			};
			name = Release;
		};
/* End XCBuildConfiguration section */

/* Begin XCConfigurationList section */
		E055165728E5E75E00C1E0F6 /* Build configuration list for PBXProject "TasksBoard" */ = {
			isa = XCConfigurationList;
			buildConfigurations = (
				E055166E28E5E76000C1E0F6 /* Debug */,
				E055166F28E5E76000C1E0F6 /* Release */,
			);
			defaultConfigurationIsVisible = 0;
			defaultConfigurationName = Release;
		};
		E055167028E5E76000C1E0F6 /* Build configuration list for PBXNativeTarget "TasksBoard" */ = {
			isa = XCConfigurationList;
			buildConfigurations = (
				E055167128E5E76000C1E0F6 /* Debug */,
				E055167228E5E76000C1E0F6 /* Release */,
			);
			defaultConfigurationIsVisible = 0;
			defaultConfigurationName = Release;
		};
/* End XCConfigurationList section */
	};
	rootObject = E055165428E5E75E00C1E0F6 /* Project object */;
}
